
Microsoft Visual Studio Solution File, Format Version 12.00
# Visual Studio Version 17
VisualStudioVersion = 17.8.34309.116
MinimumVisualStudioVersion = 10.0.40219.1
Project("{8BC9CEB8-8B4A-11D0-8D11-00A0C91BC942}") = "Program", "Program.vcxproj", "{8FBE8359-0277-4BDB-9299-32C36D0B35AE}"
EndProject
Project("{8BC9CEB8-8B4A-11D0-8D11-00A0C91BC942}") = "Class1th (Stream)", "..\Class1th (Stream)\Class1th (Stream).vcxproj", "{D41679FE-1E77-4E68-8218-0C1118AD8560}"
EndProject
Project("{8BC9CEB8-8B4A-11D0-8D11-00A0C91BC942}") = "Class2th (Class)", "..\Class2th (Name\Class2th (Name.vcxproj", "{8B7A05DD-D635-4FFD-A245-837D2ED9B33A}"
EndProject
Project("{8BC9CEB8-8B4A-11D0-8D11-00A0C91BC942}") = "Class3th (Constructor & Destructor)", "..\Class3th (Constructor & Destructor)\Class3th (Constructor & Destructor).vcxproj", "{61668484-2B14-4CC1-9782-74CB1835334C}"
EndProject
Project("{8BC9CEB8-8B4A-11D0-8D11-00A0C91BC942}") = "Class4th (Shallow Copy & Deep Copy)", "..\Class4th (Shallow Copy & Deep Copy)\Class4th (Shallow Copy & Deep Copy).vcxproj", "{8298C937-AE3B-4582-AD90-891B71E0FB6D}"
EndProject
Project("{8BC9CEB8-8B4A-11D0-8D11-00A0C91BC942}") = "Class5th (Inheritance)", "..\Class5th (Inheritance)\Class5th (Inheritance).vcxproj", "{29751F69-F6DE-4EC1-BF64-7E16DC421CFE}"
EndProject
Project("{8BC9CEB8-8B4A-11D0-8D11-00A0C91BC942}") = "Class6th (Polymorphism)", "..\Class6th (Polymorphism)\Class6th (Polymorphism).vcxproj", "{323CA1ED-EC68-4AD4-AD17-F44FF6957B8D}"
EndProject
Project("{8BC9CEB8-8B4A-11D0-8D11-00A0C91BC942}") = "Class7th (Virtual Fuction)", "..\Class7th (Virtual Fuction)\Class7th (Virtual Fuction).vcxproj", "{D54A4F9F-1E07-417C-998C-E302C71C68F6}"
EndProject
Project("{8BC9CEB8-8B4A-11D0-8D11-00A0C91BC942}") = "Class8th (Abstract)", "..\Class8th (Abstract)\Class8th (Abstract).vcxproj", "{186E0A8F-84DC-4E9F-BF7D-285342BB132F}"
EndProject
Project("{8BC9CEB8-8B4A-11D0-8D11-00A0C91BC942}") = "Class9th (Operator Overloading)", "..\Class9th (Operator Overloading)\Class9th (Operator Overloading).vcxproj", "{3E1E2C8E-7E6C-4ED0-B0B1-855C72F76CE4}"
EndProject
Project("{8BC9CEB8-8B4A-11D0-8D11-00A0C91BC942}") = "Class10th (Template)", "..\Class10th (Template)\Class10th (Template).vcxproj", "{8A5BE985-0CC4-4FB7-A798-F6CD50A4CF74}"
EndProject
Project("{8BC9CEB8-8B4A-11D0-8D11-00A0C91BC942}") = "Class11th (Smart Pointer)", "..\Class11th (Smart Pointer)\Class11th (Smart Pointer).vcxproj", "{FC6036EF-76CB-4DAE-BA37-6ECFC8D4B1AD}"
EndProject
Project("{8BC9CEB8-8B4A-11D0-8D11-00A0C91BC942}") = "Class12th (Thread)", "..\Class12th (Thread)\Class12th (Thread).vcxproj", "{5659F313-0663-4D5A-A71C-E469AF093D0F}"
EndProject
Project("{8BC9CEB8-8B4A-11D0-8D11-00A0C91BC942}") = "Class13th (Linear Container)", "..\Class13th (Linear Container)\Class13th (Linear Container).vcxproj", "{1222A3F1-F87E-4139-8253-51DD58C0DD80}"
EndProject
Global
	GlobalSection(SolutionConfigurationPlatforms) = preSolution
		Debug|x64 = Debug|x64
		Debug|x86 = Debug|x86
		Release|x64 = Release|x64
		Release|x86 = Release|x86
	EndGlobalSection
	GlobalSection(ProjectConfigurationPlatforms) = postSolution
		{8FBE8359-0277-4BDB-9299-32C36D0B35AE}.Debug|x64.ActiveCfg = Debug|x64
		{8FBE8359-0277-4BDB-9299-32C36D0B35AE}.Debug|x64.Build.0 = Debug|x64
		{8FBE8359-0277-4BDB-9299-32C36D0B35AE}.Debug|x86.ActiveCfg = Debug|Win32
		{8FBE8359-0277-4BDB-9299-32C36D0B35AE}.Debug|x86.Build.0 = Debug|Win32
		{8FBE8359-0277-4BDB-9299-32C36D0B35AE}.Release|x64.ActiveCfg = Release|x64
		{8FBE8359-0277-4BDB-9299-32C36D0B35AE}.Release|x64.Build.0 = Release|x64
		{8FBE8359-0277-4BDB-9299-32C36D0B35AE}.Release|x86.ActiveCfg = Release|Win32
		{8FBE8359-0277-4BDB-9299-32C36D0B35AE}.Release|x86.Build.0 = Release|Win32
		{D41679FE-1E77-4E68-8218-0C1118AD8560}.Debug|x64.ActiveCfg = Debug|x64
		{D41679FE-1E77-4E68-8218-0C1118AD8560}.Debug|x64.Build.0 = Debug|x64
		{D41679FE-1E77-4E68-8218-0C1118AD8560}.Debug|x86.ActiveCfg = Debug|Win32
		{D41679FE-1E77-4E68-8218-0C1118AD8560}.Debug|x86.Build.0 = Debug|Win32
		{D41679FE-1E77-4E68-8218-0C1118AD8560}.Release|x64.ActiveCfg = Release|x64
		{D41679FE-1E77-4E68-8218-0C1118AD8560}.Release|x64.Build.0 = Release|x64
		{D41679FE-1E77-4E68-8218-0C1118AD8560}.Release|x86.ActiveCfg = Release|Win32
		{D41679FE-1E77-4E68-8218-0C1118AD8560}.Release|x86.Build.0 = Release|Win32
		{8B7A05DD-D635-4FFD-A245-837D2ED9B33A}.Debug|x64.ActiveCfg = Debug|x64
		{8B7A05DD-D635-4FFD-A245-837D2ED9B33A}.Debug|x64.Build.0 = Debug|x64
		{8B7A05DD-D635-4FFD-A245-837D2ED9B33A}.Debug|x86.ActiveCfg = Debug|Win32
		{8B7A05DD-D635-4FFD-A245-837D2ED9B33A}.Debug|x86.Build.0 = Debug|Win32
		{8B7A05DD-D635-4FFD-A245-837D2ED9B33A}.Release|x64.ActiveCfg = Release|x64
		{8B7A05DD-D635-4FFD-A245-837D2ED9B33A}.Release|x64.Build.0 = Release|x64
		{8B7A05DD-D635-4FFD-A245-837D2ED9B33A}.Release|x86.ActiveCfg = Release|Win32
		{8B7A05DD-D635-4FFD-A245-837D2ED9B33A}.Release|x86.Build.0 = Release|Win32
		{61668484-2B14-4CC1-9782-74CB1835334C}.Debug|x64.ActiveCfg = Debug|x64
		{61668484-2B14-4CC1-9782-74CB1835334C}.Debug|x64.Build.0 = Debug|x64
		{61668484-2B14-4CC1-9782-74CB1835334C}.Debug|x86.ActiveCfg = Debug|Win32
		{61668484-2B14-4CC1-9782-74CB1835334C}.Debug|x86.Build.0 = Debug|Win32
		{61668484-2B14-4CC1-9782-74CB1835334C}.Release|x64.ActiveCfg = Release|x64
		{61668484-2B14-4CC1-9782-74CB1835334C}.Release|x64.Build.0 = Release|x64
		{61668484-2B14-4CC1-9782-74CB1835334C}.Release|x86.ActiveCfg = Release|Win32
		{61668484-2B14-4CC1-9782-74CB1835334C}.Release|x86.Build.0 = Release|Win32
		{8298C937-AE3B-4582-AD90-891B71E0FB6D}.Debug|x64.ActiveCfg = Debug|x64
		{8298C937-AE3B-4582-AD90-891B71E0FB6D}.Debug|x64.Build.0 = Debug|x64
		{8298C937-AE3B-4582-AD90-891B71E0FB6D}.Debug|x86.ActiveCfg = Debug|Win32
		{8298C937-AE3B-4582-AD90-891B71E0FB6D}.Debug|x86.Build.0 = Debug|Win32
		{8298C937-AE3B-4582-AD90-891B71E0FB6D}.Release|x64.ActiveCfg = Release|x64
		{8298C937-AE3B-4582-AD90-891B71E0FB6D}.Release|x64.Build.0 = Release|x64
		{8298C937-AE3B-4582-AD90-891B71E0FB6D}.Release|x86.ActiveCfg = Release|Win32
		{8298C937-AE3B-4582-AD90-891B71E0FB6D}.Release|x86.Build.0 = Release|Win32
		{29751F69-F6DE-4EC1-BF64-7E16DC421CFE}.Debug|x64.ActiveCfg = Debug|x64
		{29751F69-F6DE-4EC1-BF64-7E16DC421CFE}.Debug|x64.Build.0 = Debug|x64
		{29751F69-F6DE-4EC1-BF64-7E16DC421CFE}.Debug|x86.ActiveCfg = Debug|Win32
		{29751F69-F6DE-4EC1-BF64-7E16DC421CFE}.Debug|x86.Build.0 = Debug|Win32
		{29751F69-F6DE-4EC1-BF64-7E16DC421CFE}.Release|x64.ActiveCfg = Release|x64
		{29751F69-F6DE-4EC1-BF64-7E16DC421CFE}.Release|x64.Build.0 = Release|x64
		{29751F69-F6DE-4EC1-BF64-7E16DC421CFE}.Release|x86.ActiveCfg = Release|Win32
		{29751F69-F6DE-4EC1-BF64-7E16DC421CFE}.Release|x86.Build.0 = Release|Win32
		{323CA1ED-EC68-4AD4-AD17-F44FF6957B8D}.Debug|x64.ActiveCfg = Debug|x64
		{323CA1ED-EC68-4AD4-AD17-F44FF6957B8D}.Debug|x64.Build.0 = Debug|x64
		{323CA1ED-EC68-4AD4-AD17-F44FF6957B8D}.Debug|x86.ActiveCfg = Debug|Win32
		{323CA1ED-EC68-4AD4-AD17-F44FF6957B8D}.Debug|x86.Build.0 = Debug|Win32
		{323CA1ED-EC68-4AD4-AD17-F44FF6957B8D}.Release|x64.ActiveCfg = Release|x64
		{323CA1ED-EC68-4AD4-AD17-F44FF6957B8D}.Release|x64.Build.0 = Release|x64
		{323CA1ED-EC68-4AD4-AD17-F44FF6957B8D}.Release|x86.ActiveCfg = Release|Win32
		{323CA1ED-EC68-4AD4-AD17-F44FF6957B8D}.Release|x86.Build.0 = Release|Win32
		{D54A4F9F-1E07-417C-998C-E302C71C68F6}.Debug|x64.ActiveCfg = Debug|x64
		{D54A4F9F-1E07-417C-998C-E302C71C68F6}.Debug|x64.Build.0 = Debug|x64
		{D54A4F9F-1E07-417C-998C-E302C71C68F6}.Debug|x86.ActiveCfg = Debug|Win32
		{D54A4F9F-1E07-417C-998C-E302C71C68F6}.Debug|x86.Build.0 = Debug|Win32
		{D54A4F9F-1E07-417C-998C-E302C71C68F6}.Release|x64.ActiveCfg = Release|x64
		{D54A4F9F-1E07-417C-998C-E302C71C68F6}.Release|x64.Build.0 = Release|x64
		{D54A4F9F-1E07-417C-998C-E302C71C68F6}.Release|x86.ActiveCfg = Release|Win32
		{D54A4F9F-1E07-417C-998C-E302C71C68F6}.Release|x86.Build.0 = Release|Win32
		{186E0A8F-84DC-4E9F-BF7D-285342BB132F}.Debug|x64.ActiveCfg = Debug|x64
		{186E0A8F-84DC-4E9F-BF7D-285342BB132F}.Debug|x64.Build.0 = Debug|x64
		{186E0A8F-84DC-4E9F-BF7D-285342BB132F}.Debug|x86.ActiveCfg = Debug|Win32
		{186E0A8F-84DC-4E9F-BF7D-285342BB132F}.Debug|x86.Build.0 = Debug|Win32
		{186E0A8F-84DC-4E9F-BF7D-285342BB132F}.Release|x64.ActiveCfg = Release|x64
		{186E0A8F-84DC-4E9F-BF7D-285342BB132F}.Release|x64.Build.0 = Release|x64
		{186E0A8F-84DC-4E9F-BF7D-285342BB132F}.Release|x86.ActiveCfg = Release|Win32
		{186E0A8F-84DC-4E9F-BF7D-285342BB132F}.Release|x86.Build.0 = Release|Win32
		{3E1E2C8E-7E6C-4ED0-B0B1-855C72F76CE4}.Debug|x64.ActiveCfg = Debug|x64
		{3E1E2C8E-7E6C-4ED0-B0B1-855C72F76CE4}.Debug|x64.Build.0 = Debug|x64
		{3E1E2C8E-7E6C-4ED0-B0B1-855C72F76CE4}.Debug|x86.ActiveCfg = Debug|Win32
		{3E1E2C8E-7E6C-4ED0-B0B1-855C72F76CE4}.Debug|x86.Build.0 = Debug|Win32
		{3E1E2C8E-7E6C-4ED0-B0B1-855C72F76CE4}.Release|x64.ActiveCfg = Release|x64
		{3E1E2C8E-7E6C-4ED0-B0B1-855C72F76CE4}.Release|x64.Build.0 = Release|x64
		{3E1E2C8E-7E6C-4ED0-B0B1-855C72F76CE4}.Release|x86.ActiveCfg = Release|Win32
		{3E1E2C8E-7E6C-4ED0-B0B1-855C72F76CE4}.Release|x86.Build.0 = Release|Win32
		{8A5BE985-0CC4-4FB7-A798-F6CD50A4CF74}.Debug|x64.ActiveCfg = Debug|x64
		{8A5BE985-0CC4-4FB7-A798-F6CD50A4CF74}.Debug|x64.Build.0 = Debug|x64
		{8A5BE985-0CC4-4FB7-A798-F6CD50A4CF74}.Debug|x86.ActiveCfg = Debug|Win32
		{8A5BE985-0CC4-4FB7-A798-F6CD50A4CF74}.Debug|x86.Build.0 = Debug|Win32
		{8A5BE985-0CC4-4FB7-A798-F6CD50A4CF74}.Release|x64.ActiveCfg = Release|x64
		{8A5BE985-0CC4-4FB7-A798-F6CD50A4CF74}.Release|x64.Build.0 = Release|x64
		{8A5BE985-0CC4-4FB7-A798-F6CD50A4CF74}.Release|x86.ActiveCfg = Release|Win32
		{8A5BE985-0CC4-4FB7-A798-F6CD50A4CF74}.Release|x86.Build.0 = Release|Win32
		{FC6036EF-76CB-4DAE-BA37-6ECFC8D4B1AD}.Debug|x64.ActiveCfg = Debug|x64
		{FC6036EF-76CB-4DAE-BA37-6ECFC8D4B1AD}.Debug|x64.Build.0 = Debug|x64
		{FC6036EF-76CB-4DAE-BA37-6ECFC8D4B1AD}.Debug|x86.ActiveCfg = Debug|Win32
		{FC6036EF-76CB-4DAE-BA37-6ECFC8D4B1AD}.Debug|x86.Build.0 = Debug|Win32
		{FC6036EF-76CB-4DAE-BA37-6ECFC8D4B1AD}.Release|x64.ActiveCfg = Release|x64
		{FC6036EF-76CB-4DAE-BA37-6ECFC8D4B1AD}.Release|x64.Build.0 = Release|x64
		{FC6036EF-76CB-4DAE-BA37-6ECFC8D4B1AD}.Release|x86.ActiveCfg = Release|Win32
		{FC6036EF-76CB-4DAE-BA37-6ECFC8D4B1AD}.Release|x86.Build.0 = Release|Win32
		{5659F313-0663-4D5A-A71C-E469AF093D0F}.Debug|x64.ActiveCfg = Debug|x64
		{5659F313-0663-4D5A-A71C-E469AF093D0F}.Debug|x64.Build.0 = Debug|x64
		{5659F313-0663-4D5A-A71C-E469AF093D0F}.Debug|x86.ActiveCfg = Debug|Win32
		{5659F313-0663-4D5A-A71C-E469AF093D0F}.Debug|x86.Build.0 = Debug|Win32
		{5659F313-0663-4D5A-A71C-E469AF093D0F}.Release|x64.ActiveCfg = Release|x64
		{5659F313-0663-4D5A-A71C-E469AF093D0F}.Release|x64.Build.0 = Release|x64
		{5659F313-0663-4D5A-A71C-E469AF093D0F}.Release|x86.ActiveCfg = Release|Win32
		{5659F313-0663-4D5A-A71C-E469AF093D0F}.Release|x86.Build.0 = Release|Win32
		{1222A3F1-F87E-4139-8253-51DD58C0DD80}.Debug|x64.ActiveCfg = Debug|x64
		{1222A3F1-F87E-4139-8253-51DD58C0DD80}.Debug|x64.Build.0 = Debug|x64
		{1222A3F1-F87E-4139-8253-51DD58C0DD80}.Debug|x86.ActiveCfg = Debug|Win32
		{1222A3F1-F87E-4139-8253-51DD58C0DD80}.Debug|x86.Build.0 = Debug|Win32
		{1222A3F1-F87E-4139-8253-51DD58C0DD80}.Release|x64.ActiveCfg = Release|x64
		{1222A3F1-F87E-4139-8253-51DD58C0DD80}.Release|x64.Build.0 = Release|x64
		{1222A3F1-F87E-4139-8253-51DD58C0DD80}.Release|x86.ActiveCfg = Release|Win32
		{1222A3F1-F87E-4139-8253-51DD58C0DD80}.Release|x86.Build.0 = Release|Win32
	EndGlobalSection
	GlobalSection(SolutionProperties) = preSolution
		HideSolutionNode = FALSE
	EndGlobalSection
	GlobalSection(ExtensibilityGlobals) = postSolution
		SolutionGuid = {23B316CD-2F58-4435-82DB-1E9F7657DACC}
	EndGlobalSection
EndGlobal
